
Microsoft Visual Studio Solution File, Format Version 12.00
# Visual Studio 15
VisualStudioVersion = 15.0.27428.2043
MinimumVisualStudioVersion = 10.0.40219.1
Project("{888888A0-9F3D-457C-B088-3A5042F75D52}") = "UdemyPythonCourse", "UdemyPythonCourse\UdemyPythonCourse.pyproj", "{45CD736B-B4B2-4784-ACD0-CFED9C1A4E50}"
EndProject
Global
	GlobalSection(SolutionConfigurationPlatforms) = preSolution
		Debug|Any CPU = Debug|Any CPU
		Release|Any CPU = Release|Any CPU
	EndGlobalSection
	GlobalSection(ProjectConfigurationPlatforms) = postSolution
		{45CD736B-B4B2-4784-ACD0-CFED9C1A4E50}.Debug|Any CPU.ActiveCfg = Debug|Any CPU
		{45CD736B-B4B2-4784-ACD0-CFED9C1A4E50}.Release|Any CPU.ActiveCfg = Release|Any CPU
	EndGlobalSection
	GlobalSection(SolutionProperties) = preSolution
		HideSolutionNode = FALSE
	EndGlobalSection
	GlobalSection(ExtensibilityGlobals) = postSolution
		SolutionGuid = {9AD23C2F-48D2-4C6A-AC7A-D5FB127C8323}
	EndGlobalSection
EndGlobal
